
Microsoft Visual Studio Solution File, Format Version 12.00
# Visual Studio Version 16
VisualStudioVersion = 16.0.31112.23
MinimumVisualStudioVersion = 10.0.40219.1
Project("{9A19103F-16F7-4668-BE54-9A1E7A4F7556}") = "Opg01_Intro", "Opg01_Intro\Opg01_Intro.csproj", "{E9B35D34-7BFA-4606-985F-49F64C326EA2}"
EndProject
Project("{9A19103F-16F7-4668-BE54-9A1E7A4F7556}") = "Opg02_DataTypes", "Opg02_DataTypes\Opg02_DataTypes.csproj", "{7015E4A3-9A0C-437E-BACF-EF518F7829B8}"
EndProject
Project("{FAE04EC0-301F-11D3-BF4B-00C04F79EFBC}") = "Opg03_Console", "Opg03_Console\Opg03_Console.csproj", "{852F2BFD-58B2-4CCD-A1EB-0B1BC283D84E}"
EndProject
Project("{FAE04EC0-301F-11D3-BF4B-00C04F79EFBC}") = "Opgave04_ReadLine", "Opgave04_ReadLine\Opgave04_ReadLine.csproj", "{4E07FF9B-3C37-4A25-8F0F-BA4A62896FF2}"
EndProject
Global
	GlobalSection(SolutionConfigurationPlatforms) = preSolution
		Debug|Any CPU = Debug|Any CPU
		Release|Any CPU = Release|Any CPU
	EndGlobalSection
	GlobalSection(ProjectConfigurationPlatforms) = postSolution
		{E9B35D34-7BFA-4606-985F-49F64C326EA2}.Debug|Any CPU.ActiveCfg = Debug|Any CPU
		{E9B35D34-7BFA-4606-985F-49F64C326EA2}.Debug|Any CPU.Build.0 = Debug|Any CPU
		{E9B35D34-7BFA-4606-985F-49F64C326EA2}.Release|Any CPU.ActiveCfg = Release|Any CPU
		{E9B35D34-7BFA-4606-985F-49F64C326EA2}.Release|Any CPU.Build.0 = Release|Any CPU
		{7015E4A3-9A0C-437E-BACF-EF518F7829B8}.Debug|Any CPU.ActiveCfg = Debug|Any CPU
		{7015E4A3-9A0C-437E-BACF-EF518F7829B8}.Debug|Any CPU.Build.0 = Debug|Any CPU
		{7015E4A3-9A0C-437E-BACF-EF518F7829B8}.Release|Any CPU.ActiveCfg = Release|Any CPU
		{7015E4A3-9A0C-437E-BACF-EF518F7829B8}.Release|Any CPU.Build.0 = Release|Any CPU
		{852F2BFD-58B2-4CCD-A1EB-0B1BC283D84E}.Debug|Any CPU.ActiveCfg = Debug|Any CPU
		{852F2BFD-58B2-4CCD-A1EB-0B1BC283D84E}.Debug|Any CPU.Build.0 = Debug|Any CPU
		{852F2BFD-58B2-4CCD-A1EB-0B1BC283D84E}.Release|Any CPU.ActiveCfg = Release|Any CPU
		{852F2BFD-58B2-4CCD-A1EB-0B1BC283D84E}.Release|Any CPU.Build.0 = Release|Any CPU
		{4E07FF9B-3C37-4A25-8F0F-BA4A62896FF2}.Debug|Any CPU.ActiveCfg = Debug|Any CPU
		{4E07FF9B-3C37-4A25-8F0F-BA4A62896FF2}.Debug|Any CPU.Build.0 = Debug|Any CPU
		{4E07FF9B-3C37-4A25-8F0F-BA4A62896FF2}.Release|Any CPU.ActiveCfg = Release|Any CPU
		{4E07FF9B-3C37-4A25-8F0F-BA4A62896FF2}.Release|Any CPU.Build.0 = Release|Any CPU
	EndGlobalSection
	GlobalSection(SolutionProperties) = preSolution
		HideSolutionNode = FALSE
	EndGlobalSection
	GlobalSection(ExtensibilityGlobals) = postSolution
		SolutionGuid = {1C6E0AFF-5BDD-4FB0-B586-00E626B0E668}
	EndGlobalSection
EndGlobal
