
Microsoft Visual Studio Solution File, Format Version 12.00
# Visual Studio Version 16
VisualStudioVersion = 16.0.31112.23
MinimumVisualStudioVersion = 10.0.40219.1
Project("{9A19103F-16F7-4668-BE54-9A1E7A4F7556}") = "Opg01_Intro", "Opg01_Intro\Opg01_Intro.csproj", "{E9B35D34-7BFA-4606-985F-49F64C326EA2}"
EndProject
Project("{9A19103F-16F7-4668-BE54-9A1E7A4F7556}") = "Opg02_DataTypes", "Opg02_DataTypes\Opg02_DataTypes.csproj", "{7015E4A3-9A0C-437E-BACF-EF518F7829B8}"
EndProject
Project("{9A19103F-16F7-4668-BE54-9A1E7A4F7556}") = "Opg03_Console", "Opg03_Console\Opg03_Console.csproj", "{852F2BFD-58B2-4CCD-A1EB-0B1BC283D84E}"
EndProject
Project("{9A19103F-16F7-4668-BE54-9A1E7A4F7556}") = "Opg04_ReadLine", "Opgave04_ReadLine\Opg04_ReadLine.csproj", "{4E07FF9B-3C37-4A25-8F0F-BA4A62896FF2}"
EndProject
Project("{9A19103F-16F7-4668-BE54-9A1E7A4F7556}") = "Opg05_Arithmetic_1", "Opg05_Arithmetic_1\Opg05_Arithmetic_1.csproj", "{E3A84C12-F6B9-48CA-AB19-9A38AEED4BE7}"
EndProject
Project("{9A19103F-16F7-4668-BE54-9A1E7A4F7556}") = "Opg05_Arithmetic_2", "Opg05_Arithmetic_2\Opg05_Arithmetic_2.csproj", "{CFF6B82B-1FAF-477F-8514-28FDC938FDF1}"
EndProject
Project("{9A19103F-16F7-4668-BE54-9A1E7A4F7556}") = "Opg05_Arithmetic_3", "Opg05_Arithmetic_3\Opg05_Arithmetic_3.csproj", "{5D8D664D-CA9E-49F8-953C-ABDCD27D570D}"
EndProject
Project("{9A19103F-16F7-4668-BE54-9A1E7A4F7556}") = "Opg05_Arithmetic_4", "Opg05_Arithmetic_4\Opg05_Arithmetic_4.csproj", "{5E53A32C-360C-4D7C-8F53-67217B53D404}"
EndProject
Project("{9A19103F-16F7-4668-BE54-9A1E7A4F7556}") = "Opg06A_Comparison", "Opg06_Comparison\Opg06A_Comparison.csproj", "{0165FC70-2E67-4E3C-97D7-7E7CBE58917D}"
EndProject
Project("{9A19103F-16F7-4668-BE54-9A1E7A4F7556}") = "Opg06B_Comparison_2_Huskøb", "Opg6B_Comparison\Opg06B_Comparison_2_Huskøb.csproj", "{44EA219B-4A1C-4E5C-A827-679CE9E79219}"
EndProject
Project("{FAE04EC0-301F-11D3-BF4B-00C04F79EFBC}") = "Opg06B_Comparison_Alcohol", "Opg06B_Comparison_Alcohol\Opg06B_Comparison_Alcohol.csproj", "{D6DD8272-155B-4D8F-9448-5F9A06A1DDFD}"
EndProject
Project("{FAE04EC0-301F-11D3-BF4B-00C04F79EFBC}") = "Opg07_IfElse_7_1_Discount", "Opg07_IfElse_7_1_Discount\Opg07_IfElse_7_1_Discount.csproj", "{53CEC953-9390-4DCF-B4FC-6FF5248BDAA2}"
EndProject
Project("{FAE04EC0-301F-11D3-BF4B-00C04F79EFBC}") = "Opg07_IfElse_7_2_TwoEquals", "Opg07_IfElse_7_2_TwoEquals\Opg07_IfElse_7_2_TwoEquals.csproj", "{54328832-8032-41DE-B94C-871000044AE6}"
EndProject
Project("{FAE04EC0-301F-11D3-BF4B-00C04F79EFBC}") = "Opg07_IfElse_7_3_Division", "Opg07_IfElse_7_3_Division\Opg07_IfElse_7_3_Division.csproj", "{E240C66C-A500-44B2-A838-0E9ECD20C57E}"
EndProject
Project("{FAE04EC0-301F-11D3-BF4B-00C04F79EFBC}") = "Opg07_IfElse_7_4_LargestNumber", "Opg07_IfElse_7_4_LargestNumber\Opg07_IfElse_7_4_LargestNumber.csproj", "{000C5A86-1867-4A50-BB6D-A8BCA407F681}"
EndProject
Project("{FAE04EC0-301F-11D3-BF4B-00C04F79EFBC}") = "Opg07_IfElse_7_5_AscendingOrder", "Opg07_IfElse_7_5_AscendingOrder\Opg07_IfElse_7_5_AscendingOrder.csproj", "{EA92C051-719F-4FA5-9B2B-7B1393278DB9}"
EndProject
Project("{FAE04EC0-301F-11D3-BF4B-00C04F79EFBC}") = "Opg07_IfElse_7_6_PositiveNegative", "Opg07_IfElse_7_6_PositiveNegative\Opg07_IfElse_7_6_PositiveNegative.csproj", "{302CF41D-9AF9-43AE-85FF-58DA8FBA90D4}"
EndProject
Project("{FAE04EC0-301F-11D3-BF4B-00C04F79EFBC}") = "Opg07_IfElse_7_7_Letter", "Opg07_IfElse_7_7_Letter\Opg07_IfElse_7_7_Letter.csproj", "{C9BEB8BA-DFAE-4F38-8FE2-E8469AFDFB4E}"
EndProject
Global
	GlobalSection(SolutionConfigurationPlatforms) = preSolution
		Debug|Any CPU = Debug|Any CPU
		Release|Any CPU = Release|Any CPU
	EndGlobalSection
	GlobalSection(ProjectConfigurationPlatforms) = postSolution
		{E9B35D34-7BFA-4606-985F-49F64C326EA2}.Debug|Any CPU.ActiveCfg = Debug|Any CPU
		{E9B35D34-7BFA-4606-985F-49F64C326EA2}.Debug|Any CPU.Build.0 = Debug|Any CPU
		{E9B35D34-7BFA-4606-985F-49F64C326EA2}.Release|Any CPU.ActiveCfg = Release|Any CPU
		{E9B35D34-7BFA-4606-985F-49F64C326EA2}.Release|Any CPU.Build.0 = Release|Any CPU
		{7015E4A3-9A0C-437E-BACF-EF518F7829B8}.Debug|Any CPU.ActiveCfg = Debug|Any CPU
		{7015E4A3-9A0C-437E-BACF-EF518F7829B8}.Debug|Any CPU.Build.0 = Debug|Any CPU
		{7015E4A3-9A0C-437E-BACF-EF518F7829B8}.Release|Any CPU.ActiveCfg = Release|Any CPU
		{7015E4A3-9A0C-437E-BACF-EF518F7829B8}.Release|Any CPU.Build.0 = Release|Any CPU
		{852F2BFD-58B2-4CCD-A1EB-0B1BC283D84E}.Debug|Any CPU.ActiveCfg = Debug|Any CPU
		{852F2BFD-58B2-4CCD-A1EB-0B1BC283D84E}.Debug|Any CPU.Build.0 = Debug|Any CPU
		{852F2BFD-58B2-4CCD-A1EB-0B1BC283D84E}.Release|Any CPU.ActiveCfg = Release|Any CPU
		{852F2BFD-58B2-4CCD-A1EB-0B1BC283D84E}.Release|Any CPU.Build.0 = Release|Any CPU
		{4E07FF9B-3C37-4A25-8F0F-BA4A62896FF2}.Debug|Any CPU.ActiveCfg = Debug|Any CPU
		{4E07FF9B-3C37-4A25-8F0F-BA4A62896FF2}.Debug|Any CPU.Build.0 = Debug|Any CPU
		{4E07FF9B-3C37-4A25-8F0F-BA4A62896FF2}.Release|Any CPU.ActiveCfg = Release|Any CPU
		{4E07FF9B-3C37-4A25-8F0F-BA4A62896FF2}.Release|Any CPU.Build.0 = Release|Any CPU
		{E3A84C12-F6B9-48CA-AB19-9A38AEED4BE7}.Debug|Any CPU.ActiveCfg = Debug|Any CPU
		{E3A84C12-F6B9-48CA-AB19-9A38AEED4BE7}.Debug|Any CPU.Build.0 = Debug|Any CPU
		{E3A84C12-F6B9-48CA-AB19-9A38AEED4BE7}.Release|Any CPU.ActiveCfg = Release|Any CPU
		{E3A84C12-F6B9-48CA-AB19-9A38AEED4BE7}.Release|Any CPU.Build.0 = Release|Any CPU
		{CFF6B82B-1FAF-477F-8514-28FDC938FDF1}.Debug|Any CPU.ActiveCfg = Debug|Any CPU
		{CFF6B82B-1FAF-477F-8514-28FDC938FDF1}.Debug|Any CPU.Build.0 = Debug|Any CPU
		{CFF6B82B-1FAF-477F-8514-28FDC938FDF1}.Release|Any CPU.ActiveCfg = Release|Any CPU
		{CFF6B82B-1FAF-477F-8514-28FDC938FDF1}.Release|Any CPU.Build.0 = Release|Any CPU
		{5D8D664D-CA9E-49F8-953C-ABDCD27D570D}.Debug|Any CPU.ActiveCfg = Debug|Any CPU
		{5D8D664D-CA9E-49F8-953C-ABDCD27D570D}.Debug|Any CPU.Build.0 = Debug|Any CPU
		{5D8D664D-CA9E-49F8-953C-ABDCD27D570D}.Release|Any CPU.ActiveCfg = Release|Any CPU
		{5D8D664D-CA9E-49F8-953C-ABDCD27D570D}.Release|Any CPU.Build.0 = Release|Any CPU
		{5E53A32C-360C-4D7C-8F53-67217B53D404}.Debug|Any CPU.ActiveCfg = Debug|Any CPU
		{5E53A32C-360C-4D7C-8F53-67217B53D404}.Debug|Any CPU.Build.0 = Debug|Any CPU
		{5E53A32C-360C-4D7C-8F53-67217B53D404}.Release|Any CPU.ActiveCfg = Release|Any CPU
		{5E53A32C-360C-4D7C-8F53-67217B53D404}.Release|Any CPU.Build.0 = Release|Any CPU
		{0165FC70-2E67-4E3C-97D7-7E7CBE58917D}.Debug|Any CPU.ActiveCfg = Debug|Any CPU
		{0165FC70-2E67-4E3C-97D7-7E7CBE58917D}.Debug|Any CPU.Build.0 = Debug|Any CPU
		{0165FC70-2E67-4E3C-97D7-7E7CBE58917D}.Release|Any CPU.ActiveCfg = Release|Any CPU
		{0165FC70-2E67-4E3C-97D7-7E7CBE58917D}.Release|Any CPU.Build.0 = Release|Any CPU
		{44EA219B-4A1C-4E5C-A827-679CE9E79219}.Debug|Any CPU.ActiveCfg = Debug|Any CPU
		{44EA219B-4A1C-4E5C-A827-679CE9E79219}.Debug|Any CPU.Build.0 = Debug|Any CPU
		{44EA219B-4A1C-4E5C-A827-679CE9E79219}.Release|Any CPU.ActiveCfg = Release|Any CPU
		{44EA219B-4A1C-4E5C-A827-679CE9E79219}.Release|Any CPU.Build.0 = Release|Any CPU
		{D6DD8272-155B-4D8F-9448-5F9A06A1DDFD}.Debug|Any CPU.ActiveCfg = Debug|Any CPU
		{D6DD8272-155B-4D8F-9448-5F9A06A1DDFD}.Debug|Any CPU.Build.0 = Debug|Any CPU
		{D6DD8272-155B-4D8F-9448-5F9A06A1DDFD}.Release|Any CPU.ActiveCfg = Release|Any CPU
		{D6DD8272-155B-4D8F-9448-5F9A06A1DDFD}.Release|Any CPU.Build.0 = Release|Any CPU
		{53CEC953-9390-4DCF-B4FC-6FF5248BDAA2}.Debug|Any CPU.ActiveCfg = Debug|Any CPU
		{53CEC953-9390-4DCF-B4FC-6FF5248BDAA2}.Debug|Any CPU.Build.0 = Debug|Any CPU
		{53CEC953-9390-4DCF-B4FC-6FF5248BDAA2}.Release|Any CPU.ActiveCfg = Release|Any CPU
		{53CEC953-9390-4DCF-B4FC-6FF5248BDAA2}.Release|Any CPU.Build.0 = Release|Any CPU
		{54328832-8032-41DE-B94C-871000044AE6}.Debug|Any CPU.ActiveCfg = Debug|Any CPU
		{54328832-8032-41DE-B94C-871000044AE6}.Debug|Any CPU.Build.0 = Debug|Any CPU
		{54328832-8032-41DE-B94C-871000044AE6}.Release|Any CPU.ActiveCfg = Release|Any CPU
		{54328832-8032-41DE-B94C-871000044AE6}.Release|Any CPU.Build.0 = Release|Any CPU
		{E240C66C-A500-44B2-A838-0E9ECD20C57E}.Debug|Any CPU.ActiveCfg = Debug|Any CPU
		{E240C66C-A500-44B2-A838-0E9ECD20C57E}.Debug|Any CPU.Build.0 = Debug|Any CPU
		{E240C66C-A500-44B2-A838-0E9ECD20C57E}.Release|Any CPU.ActiveCfg = Release|Any CPU
		{E240C66C-A500-44B2-A838-0E9ECD20C57E}.Release|Any CPU.Build.0 = Release|Any CPU
		{000C5A86-1867-4A50-BB6D-A8BCA407F681}.Debug|Any CPU.ActiveCfg = Debug|Any CPU
		{000C5A86-1867-4A50-BB6D-A8BCA407F681}.Debug|Any CPU.Build.0 = Debug|Any CPU
		{000C5A86-1867-4A50-BB6D-A8BCA407F681}.Release|Any CPU.ActiveCfg = Release|Any CPU
		{000C5A86-1867-4A50-BB6D-A8BCA407F681}.Release|Any CPU.Build.0 = Release|Any CPU
		{EA92C051-719F-4FA5-9B2B-7B1393278DB9}.Debug|Any CPU.ActiveCfg = Debug|Any CPU
		{EA92C051-719F-4FA5-9B2B-7B1393278DB9}.Debug|Any CPU.Build.0 = Debug|Any CPU
		{EA92C051-719F-4FA5-9B2B-7B1393278DB9}.Release|Any CPU.ActiveCfg = Release|Any CPU
		{EA92C051-719F-4FA5-9B2B-7B1393278DB9}.Release|Any CPU.Build.0 = Release|Any CPU
		{302CF41D-9AF9-43AE-85FF-58DA8FBA90D4}.Debug|Any CPU.ActiveCfg = Debug|Any CPU
		{302CF41D-9AF9-43AE-85FF-58DA8FBA90D4}.Debug|Any CPU.Build.0 = Debug|Any CPU
		{302CF41D-9AF9-43AE-85FF-58DA8FBA90D4}.Release|Any CPU.ActiveCfg = Release|Any CPU
		{302CF41D-9AF9-43AE-85FF-58DA8FBA90D4}.Release|Any CPU.Build.0 = Release|Any CPU
		{C9BEB8BA-DFAE-4F38-8FE2-E8469AFDFB4E}.Debug|Any CPU.ActiveCfg = Debug|Any CPU
		{C9BEB8BA-DFAE-4F38-8FE2-E8469AFDFB4E}.Debug|Any CPU.Build.0 = Debug|Any CPU
		{C9BEB8BA-DFAE-4F38-8FE2-E8469AFDFB4E}.Release|Any CPU.ActiveCfg = Release|Any CPU
		{C9BEB8BA-DFAE-4F38-8FE2-E8469AFDFB4E}.Release|Any CPU.Build.0 = Release|Any CPU
	EndGlobalSection
	GlobalSection(SolutionProperties) = preSolution
		HideSolutionNode = FALSE
	EndGlobalSection
	GlobalSection(ExtensibilityGlobals) = postSolution
		SolutionGuid = {1C6E0AFF-5BDD-4FB0-B586-00E626B0E668}
	EndGlobalSection
EndGlobal
